
Microsoft Visual Studio Solution File, Format Version 12.00
# Visual Studio Version 17
VisualStudioVersion = 17.14.36401.2 d17.14
MinimumVisualStudioVersion = 10.0.40219.1
Project("{FAE04EC0-301F-11D3-BF4B-00C04F79EFBC}") = "Challenge Lab 5.2", "Challenge Lab 5.2.csproj", "{049F7F13-D594-4810-8F85-5042047F6138}"
EndProject
Global
	GlobalSection(SolutionConfigurationPlatforms) = preSolution
		Debug|Any CPU = Debug|Any CPU
		Release|Any CPU = Release|Any CPU
	EndGlobalSection
	GlobalSection(ProjectConfigurationPlatforms) = postSolution
		{049F7F13-D594-4810-8F85-5042047F6138}.Debug|Any CPU.ActiveCfg = Debug|Any CPU
		{049F7F13-D594-4810-8F85-5042047F6138}.Debug|Any CPU.Build.0 = Debug|Any CPU
		{049F7F13-D594-4810-8F85-5042047F6138}.Release|Any CPU.ActiveCfg = Release|Any CPU
		{049F7F13-D594-4810-8F85-5042047F6138}.Release|Any CPU.Build.0 = Release|Any CPU
	EndGlobalSection
	GlobalSection(SolutionProperties) = preSolution
		HideSolutionNode = FALSE
	EndGlobalSection
	GlobalSection(ExtensibilityGlobals) = postSolution
		SolutionGuid = {69639BD5-90A7-4A5D-AF4B-83DE1EC03D6C}
	EndGlobalSection
EndGlobal
